{
  "name": "sisAnalisis",
  "lockfileVersion": 3,
  "requires": true,
  "packages": {
    "": {
      "dependencies": {
        "anychart": "^8.12.1"
      }
    },
    "node_modules/anychart": {
      "version": "8.12.1",
      "resolved": "https://registry.npmjs.org/anychart/-/anychart-8.12.1.tgz",
      "integrity": "sha512-j3GqX7suwu9skR0Y3gGo79+PGudqsW4a3//HBYF/KbPZmmlKVDjv0Fw+RO4TLtgf9ep/jXThZZfM/3UQrk2Y9g=="
    }
  }
}
